
Microsoft Visual Studio Solution File, Format Version 11.00
# Visual Studio 2010
Project("{FAE04EC0-301F-11D3-BF4B-00C04F79EFBC}") = "ARRacer", "Assembly-CSharp.csproj", "{EEA530BB-4DA5-7684-1CE7-11D45932E478}"
EndProject
Project("{FAE04EC0-301F-11D3-BF4B-00C04F79EFBC}") = "ARRacer", "Assembly-CSharp-Editor.csproj", "{42654217-553F-CC0B-4C32-6F7DF727B1B0}"
EndProject
Global
	GlobalSection(SolutionConfigurationPlatforms) = preSolution
		Debug|Any CPU = Debug|Any CPU
		Release|Any CPU = Release|Any CPU
	EndGlobalSection
	GlobalSection(ProjectConfigurationPlatforms) = postSolution
		{EEA530BB-4DA5-7684-1CE7-11D45932E478}.Debug|Any CPU.ActiveCfg = Debug|Any CPU
		{EEA530BB-4DA5-7684-1CE7-11D45932E478}.Debug|Any CPU.Build.0 = Debug|Any CPU
		{EEA530BB-4DA5-7684-1CE7-11D45932E478}.Release|Any CPU.ActiveCfg = Release|Any CPU
		{EEA530BB-4DA5-7684-1CE7-11D45932E478}.Release|Any CPU.Build.0 = Release|Any CPU
		{42654217-553F-CC0B-4C32-6F7DF727B1B0}.Debug|Any CPU.ActiveCfg = Debug|Any CPU
		{42654217-553F-CC0B-4C32-6F7DF727B1B0}.Debug|Any CPU.Build.0 = Debug|Any CPU
		{42654217-553F-CC0B-4C32-6F7DF727B1B0}.Release|Any CPU.ActiveCfg = Release|Any CPU
		{42654217-553F-CC0B-4C32-6F7DF727B1B0}.Release|Any CPU.Build.0 = Release|Any CPU
	EndGlobalSection
	GlobalSection(SolutionProperties) = preSolution
		HideSolutionNode = FALSE
	EndGlobalSection
	GlobalSection(MonoDevelopProperties) = preSolution
		StartupItem = Assembly-CSharp.csproj
	EndGlobalSection
EndGlobal
